
Microsoft Visual Studio Solution File, Format Version 12.00
# Visual Studio Version 17
VisualStudioVersion = 17.9.34607.119
MinimumVisualStudioVersion = 10.0.40219.1
Project("{FAE04EC0-301F-11D3-BF4B-00C04F79EFBC}") = "Pharmat", "Pharmat\Pharmat.csproj", "{64D7A22E-B3BC-4BA9-8F20-044B08084253}"
EndProject
Global
	GlobalSection(SolutionConfigurationPlatforms) = preSolution
		Debug|Any CPU = Debug|Any CPU
		Release|Any CPU = Release|Any CPU
	EndGlobalSection
	GlobalSection(ProjectConfigurationPlatforms) = postSolution
		{64D7A22E-B3BC-4BA9-8F20-044B08084253}.Debug|Any CPU.ActiveCfg = Debug|Any CPU
		{64D7A22E-B3BC-4BA9-8F20-044B08084253}.Debug|Any CPU.Build.0 = Debug|Any CPU
		{64D7A22E-B3BC-4BA9-8F20-044B08084253}.Release|Any CPU.ActiveCfg = Release|Any CPU
		{64D7A22E-B3BC-4BA9-8F20-044B08084253}.Release|Any CPU.Build.0 = Release|Any CPU
	EndGlobalSection
	GlobalSection(SolutionProperties) = preSolution
		HideSolutionNode = FALSE
	EndGlobalSection
	GlobalSection(ExtensibilityGlobals) = postSolution
		SolutionGuid = {52FA094C-65DC-40DC-A4BE-0B3F50F61426}
	EndGlobalSection
EndGlobal
